// !$*UTF8*$!
{
	archiveVersion = 1;
	classes = {
	};
	objectVersion = 46;
	objects = {

/* Begin PBXBuildFile section */
		FD6CB18F1D1248DC0021C667 /* main.m in Sources */ = {isa = PBXBuildFile; fileRef = FD6CB18E1D1248DC0021C667 /* main.m */; };
		FD6CB1921D1248DC0021C667 /* AppDelegate.m in Sources */ = {isa = PBXBuildFile; fileRef = FD6CB1911D1248DC0021C667 /* AppDelegate.m */; };
		FD6CB1981D1248DC0021C667 /* Main.storyboard in Resources */ = {isa = PBXBuildFile; fileRef = FD6CB1961D1248DC0021C667 /* Main.storyboard */; };
		FD6CB19A1D1248DC0021C667 /* Assets.xcassets in Resources */ = {isa = PBXBuildFile; fileRef = FD6CB1991D1248DC0021C667 /* Assets.xcassets */; };
		FD6CB19D1D1248DC0021C667 /* LaunchScreen.storyboard in Resources */ = {isa = PBXBuildFile; fileRef = FD6CB19B1D1248DC0021C667 /* LaunchScreen.storyboard */; };
		FD6CB1A81D1248DD0021C667 /* CAMediaTimingFunction_14Tests.m in Sources */ = {isa = PBXBuildFile; fileRef = FD6CB1A71D1248DD0021C667 /* CAMediaTimingFunction_14Tests.m */; };
		FD6CB1B41D12496A0021C667 /* ColorLayerAnimationViewController.m in Sources */ = {isa = PBXBuildFile; fileRef = FD6CB1B31D12496A0021C667 /* ColorLayerAnimationViewController.m */; };
		FD6CB1B71D12514E0021C667 /* ColorViewAnimatonViewController.m in Sources */ = {isa = PBXBuildFile; fileRef = FD6CB1B61D12514E0021C667 /* ColorViewAnimatonViewController.m */; };
		FD6CB1BA1D1259780021C667 /* ColorKeyAnimationViewController.m in Sources */ = {isa = PBXBuildFile; fileRef = FD6CB1B91D1259780021C667 /* ColorKeyAnimationViewController.m */; };
		FD6CB1BD1D125D2E0021C667 /* DrawBezierMediaTimingViewController.m in Sources */ = {isa = PBXBuildFile; fileRef = FD6CB1BC1D125D2E0021C667 /* DrawBezierMediaTimingViewController.m */; };
/* End PBXBuildFile section */

/* Begin PBXContainerItemProxy section */
		FD6CB1A41D1248DC0021C667 /* PBXContainerItemProxy */ = {
			isa = PBXContainerItemProxy;
			containerPortal = FD6CB1821D1248DC0021C667 /* Project object */;
			proxyType = 1;
			remoteGlobalIDString = FD6CB1891D1248DC0021C667;
			remoteInfo = "CAMediaTimingFunction-14";
		};
/* End PBXContainerItemProxy section */

/* Begin PBXFileReference section */
		FD6CB18A1D1248DC0021C667 /* CAMediaTimingFunction-14.app */ = {isa = PBXFileReference; explicitFileType = wrapper.application; includeInIndex = 0; path = "CAMediaTimingFunction-14.app"; sourceTree = BUILT_PRODUCTS_DIR; };
		FD6CB18E1D1248DC0021C667 /* main.m */ = {isa = PBXFileReference; lastKnownFileType = sourcecode.c.objc; path = main.m; sourceTree = "<group>"; };
		FD6CB1901D1248DC0021C667 /* AppDelegate.h */ = {isa = PBXFileReference; lastKnownFileType = sourcecode.c.h; path = AppDelegate.h; sourceTree = "<group>"; };
		FD6CB1911D1248DC0021C667 /* AppDelegate.m */ = {isa = PBXFileReference; lastKnownFileType = sourcecode.c.objc; path = AppDelegate.m; sourceTree = "<group>"; };
		FD6CB1971D1248DC0021C667 /* Base */ = {isa = PBXFileReference; lastKnownFileType = file.storyboard; name = Base; path = Base.lproj/Main.storyboard; sourceTree = "<group>"; };
		FD6CB1991D1248DC0021C667 /* Assets.xcassets */ = {isa = PBXFileReference; lastKnownFileType = folder.assetcatalog; path = Assets.xcassets; sourceTree = "<group>"; };
		FD6CB19C1D1248DC0021C667 /* Base */ = {isa = PBXFileReference; lastKnownFileType = file.storyboard; name = Base; path = Base.lproj/LaunchScreen.storyboard; sourceTree = "<group>"; };
		FD6CB19E1D1248DC0021C667 /* Info.plist */ = {isa = PBXFileReference; lastKnownFileType = text.plist.xml; path = Info.plist; sourceTree = "<group>"; };
		FD6CB1A31D1248DC0021C667 /* CAMediaTimingFunction-14Tests.xctest */ = {isa = PBXFileReference; explicitFileType = wrapper.cfbundle; includeInIndex = 0; path = "CAMediaTimingFunction-14Tests.xctest"; sourceTree = BUILT_PRODUCTS_DIR; };
		FD6CB1A71D1248DD0021C667 /* CAMediaTimingFunction_14Tests.m */ = {isa = PBXFileReference; lastKnownFileType = sourcecode.c.objc; path = CAMediaTimingFunction_14Tests.m; sourceTree = "<group>"; };
		FD6CB1A91D1248DD0021C667 /* Info.plist */ = {isa = PBXFileReference; lastKnownFileType = text.plist.xml; path = Info.plist; sourceTree = "<group>"; };
		FD6CB1B21D12496A0021C667 /* ColorLayerAnimationViewController.h */ = {isa = PBXFileReference; fileEncoding = 4; lastKnownFileType = sourcecode.c.h; path = ColorLayerAnimationViewController.h; sourceTree = "<group>"; };
		FD6CB1B31D12496A0021C667 /* ColorLayerAnimationViewController.m */ = {isa = PBXFileReference; fileEncoding = 4; lastKnownFileType = sourcecode.c.objc; path = ColorLayerAnimationViewController.m; sourceTree = "<group>"; };
		FD6CB1B51D12514E0021C667 /* ColorViewAnimatonViewController.h */ = {isa = PBXFileReference; fileEncoding = 4; lastKnownFileType = sourcecode.c.h; path = ColorViewAnimatonViewController.h; sourceTree = "<group>"; };
		FD6CB1B61D12514E0021C667 /* ColorViewAnimatonViewController.m */ = {isa = PBXFileReference; fileEncoding = 4; lastKnownFileType = sourcecode.c.objc; path = ColorViewAnimatonViewController.m; sourceTree = "<group>"; };
		FD6CB1B81D1259780021C667 /* ColorKeyAnimationViewController.h */ = {isa = PBXFileReference; fileEncoding = 4; lastKnownFileType = sourcecode.c.h; path = ColorKeyAnimationViewController.h; sourceTree = "<group>"; };
		FD6CB1B91D1259780021C667 /* ColorKeyAnimationViewController.m */ = {isa = PBXFileReference; fileEncoding = 4; lastKnownFileType = sourcecode.c.objc; path = ColorKeyAnimationViewController.m; sourceTree = "<group>"; };
		FD6CB1BB1D125D2E0021C667 /* DrawBezierMediaTimingViewController.h */ = {isa = PBXFileReference; fileEncoding = 4; lastKnownFileType = sourcecode.c.h; path = DrawBezierMediaTimingViewController.h; sourceTree = "<group>"; };
		FD6CB1BC1D125D2E0021C667 /* DrawBezierMediaTimingViewController.m */ = {isa = PBXFileReference; fileEncoding = 4; lastKnownFileType = sourcecode.c.objc; path = DrawBezierMediaTimingViewController.m; sourceTree = "<group>"; };
/* End PBXFileReference section */

/* Begin PBXFrameworksBuildPhase section */
		FD6CB1871D1248DC0021C667 /* Frameworks */ = {
			isa = PBXFrameworksBuildPhase;
			buildActionMask = 2147483647;
			files = (
			);
			runOnlyForDeploymentPostprocessing = 0;
		};
		FD6CB1A01D1248DC0021C667 /* Frameworks */ = {
			isa = PBXFrameworksBuildPhase;
			buildActionMask = 2147483647;
			files = (
			);
			runOnlyForDeploymentPostprocessing = 0;
		};
/* End PBXFrameworksBuildPhase section */

/* Begin PBXGroup section */
		FD6CB1811D1248DC0021C667 = {
			isa = PBXGroup;
			children = (
				FD6CB18C1D1248DC0021C667 /* CAMediaTimingFunction-14 */,
				FD6CB1A61D1248DD0021C667 /* CAMediaTimingFunction-14Tests */,
				FD6CB18B1D1248DC0021C667 /* Products */,
			);
			sourceTree = "<group>";
		};
		FD6CB18B1D1248DC0021C667 /* Products */ = {
			isa = PBXGroup;
			children = (
				FD6CB18A1D1248DC0021C667 /* CAMediaTimingFunction-14.app */,
				FD6CB1A31D1248DC0021C667 /* CAMediaTimingFunction-14Tests.xctest */,
			);
			name = Products;
			sourceTree = "<group>";
		};
		FD6CB18C1D1248DC0021C667 /* CAMediaTimingFunction-14 */ = {
			isa = PBXGroup;
			children = (
				FD6CB1901D1248DC0021C667 /* AppDelegate.h */,
				FD6CB1911D1248DC0021C667 /* AppDelegate.m */,
				FD6CB1B21D12496A0021C667 /* ColorLayerAnimationViewController.h */,
				FD6CB1B31D12496A0021C667 /* ColorLayerAnimationViewController.m */,
				FD6CB1B51D12514E0021C667 /* ColorViewAnimatonViewController.h */,
				FD6CB1B61D12514E0021C667 /* ColorViewAnimatonViewController.m */,
				FD6CB1B81D1259780021C667 /* ColorKeyAnimationViewController.h */,
				FD6CB1B91D1259780021C667 /* ColorKeyAnimationViewController.m */,
				FD6CB1BB1D125D2E0021C667 /* DrawBezierMediaTimingViewController.h */,
				FD6CB1BC1D125D2E0021C667 /* DrawBezierMediaTimingViewController.m */,
				FD6CB1961D1248DC0021C667 /* Main.storyboard */,
				FD6CB1991D1248DC0021C667 /* Assets.xcassets */,
				FD6CB19B1D1248DC0021C667 /* LaunchScreen.storyboard */,
				FD6CB19E1D1248DC0021C667 /* Info.plist */,
				FD6CB18D1D1248DC0021C667 /* Supporting Files */,
			);
			path = "CAMediaTimingFunction-14";
			sourceTree = "<group>";
		};
		FD6CB18D1D1248DC0021C667 /* Supporting Files */ = {
			isa = PBXGroup;
			children = (
				FD6CB18E1D1248DC0021C667 /* main.m */,
			);
			name = "Supporting Files";
			sourceTree = "<group>";
		};
		FD6CB1A61D1248DD0021C667 /* CAMediaTimingFunction-14Tests */ = {
			isa = PBXGroup;
			children = (
				FD6CB1A71D1248DD0021C667 /* CAMediaTimingFunction_14Tests.m */,
				FD6CB1A91D1248DD0021C667 /* Info.plist */,
			);
			path = "CAMediaTimingFunction-14Tests";
			sourceTree = "<group>";
		};
/* End PBXGroup section */

/* Begin PBXNativeTarget section */
		FD6CB1891D1248DC0021C667 /* CAMediaTimingFunction-14 */ = {
			isa = PBXNativeTarget;
			buildConfigurationList = FD6CB1AC1D1248DD0021C667 /* Build configuration list for PBXNativeTarget "CAMediaTimingFunction-14" */;
			buildPhases = (
				FD6CB1861D1248DC0021C667 /* Sources */,
				FD6CB1871D1248DC0021C667 /* Frameworks */,
				FD6CB1881D1248DC0021C667 /* Resources */,
			);
			buildRules = (
			);
			dependencies = (
			);
			name = "CAMediaTimingFunction-14";
			productName = "CAMediaTimingFunction-14";
			productReference = FD6CB18A1D1248DC0021C667 /* CAMediaTimingFunction-14.app */;
			productType = "com.apple.product-type.application";
		};
		FD6CB1A21D1248DC0021C667 /* CAMediaTimingFunction-14Tests */ = {
			isa = PBXNativeTarget;
			buildConfigurationList = FD6CB1AF1D1248DD0021C667 /* Build configuration list for PBXNativeTarget "CAMediaTimingFunction-14Tests" */;
			buildPhases = (
				FD6CB19F1D1248DC0021C667 /* Sources */,
				FD6CB1A01D1248DC0021C667 /* Frameworks */,
				FD6CB1A11D1248DC0021C667 /* Resources */,
			);
			buildRules = (
			);
			dependencies = (
				FD6CB1A51D1248DC0021C667 /* PBXTargetDependency */,
			);
			name = "CAMediaTimingFunction-14Tests";
			productName = "CAMediaTimingFunction-14Tests";
			productReference = FD6CB1A31D1248DC0021C667 /* CAMediaTimingFunction-14Tests.xctest */;
			productType = "com.apple.product-type.bundle.unit-test";
		};
/* End PBXNativeTarget section */

/* Begin PBXProject section */
		FD6CB1821D1248DC0021C667 /* Project object */ = {
			isa = PBXProject;
			attributes = {
				LastUpgradeCheck = 0730;
				ORGANIZATIONNAME = long;
				TargetAttributes = {
					FD6CB1891D1248DC0021C667 = {
						CreatedOnToolsVersion = 7.3.1;
					};
					FD6CB1A21D1248DC0021C667 = {
						CreatedOnToolsVersion = 7.3.1;
						TestTargetID = FD6CB1891D1248DC0021C667;
					};
				};
			};
			buildConfigurationList = FD6CB1851D1248DC0021C667 /* Build configuration list for PBXProject "CAMediaTimingFunction-14" */;
			compatibilityVersion = "Xcode 3.2";
			developmentRegion = English;
			hasScannedForEncodings = 0;
			knownRegions = (
				en,
				Base,
			);
			mainGroup = FD6CB1811D1248DC0021C667;
			productRefGroup = FD6CB18B1D1248DC0021C667 /* Products */;
			projectDirPath = "";
			projectRoot = "";
			targets = (
				FD6CB1891D1248DC0021C667 /* CAMediaTimingFunction-14 */,
				FD6CB1A21D1248DC0021C667 /* CAMediaTimingFunction-14Tests */,
			);
		};
/* End PBXProject section */

/* Begin PBXResourcesBuildPhase section */
		FD6CB1881D1248DC0021C667 /* Resources */ = {
			isa = PBXResourcesBuildPhase;
			buildActionMask = 2147483647;
			files = (
				FD6CB19D1D1248DC0021C667 /* LaunchScreen.storyboard in Resources */,
				FD6CB19A1D1248DC0021C667 /* Assets.xcassets in Resources */,
				FD6CB1981D1248DC0021C667 /* Main.storyboard in Resources */,
			);
			runOnlyForDeploymentPostprocessing = 0;
		};
		FD6CB1A11D1248DC0021C667 /* Resources */ = {
			isa = PBXResourcesBuildPhase;
			buildActionMask = 2147483647;
			files = (
			);
			runOnlyForDeploymentPostprocessing = 0;
		};
/* End PBXResourcesBuildPhase section */

/* Begin PBXSourcesBuildPhase section */
		FD6CB1861D1248DC0021C667 /* Sources */ = {
			isa = PBXSourcesBuildPhase;
			buildActionMask = 2147483647;
			files = (
				FD6CB1B71D12514E0021C667 /* ColorViewAnimatonViewController.m in Sources */,
				FD6CB1B41D12496A0021C667 /* ColorLayerAnimationViewController.m in Sources */,
				FD6CB1921D1248DC0021C667 /* AppDelegate.m in Sources */,
				FD6CB1BA1D1259780021C667 /* ColorKeyAnimationViewController.m in Sources */,
				FD6CB1BD1D125D2E0021C667 /* DrawBezierMediaTimingViewController.m in Sources */,
				FD6CB18F1D1248DC0021C667 /* main.m in Sources */,
			);
			runOnlyForDeploymentPostprocessing = 0;
		};
		FD6CB19F1D1248DC0021C667 /* Sources */ = {
			isa = PBXSourcesBuildPhase;
			buildActionMask = 2147483647;
			files = (
				FD6CB1A81D1248DD0021C667 /* CAMediaTimingFunction_14Tests.m in Sources */,
			);
			runOnlyForDeploymentPostprocessing = 0;
		};
/* End PBXSourcesBuildPhase section */

/* Begin PBXTargetDependency section */
		FD6CB1A51D1248DC0021C667 /* PBXTargetDependency */ = {
			isa = PBXTargetDependency;
			target = FD6CB1891D1248DC0021C667 /* CAMediaTimingFunction-14 */;
			targetProxy = FD6CB1A41D1248DC0021C667 /* PBXContainerItemProxy */;
		};
/* End PBXTargetDependency section */

/* Begin PBXVariantGroup section */
		FD6CB1961D1248DC0021C667 /* Main.storyboard */ = {
			isa = PBXVariantGroup;
			children = (
				FD6CB1971D1248DC0021C667 /* Base */,
			);
			name = Main.storyboard;
			sourceTree = "<group>";
		};
		FD6CB19B1D1248DC0021C667 /* LaunchScreen.storyboard */ = {
			isa = PBXVariantGroup;
			children = (
				FD6CB19C1D1248DC0021C667 /* Base */,
			);
			name = LaunchScreen.storyboard;
			sourceTree = "<group>";
		};
/* End PBXVariantGroup section */

/* Begin XCBuildConfiguration section */
		FD6CB1AA1D1248DD0021C667 /* Debug */ = {
			isa = XCBuildConfiguration;
			buildSettings = {
				ALWAYS_SEARCH_USER_PATHS = NO;
				CLANG_ANALYZER_NONNULL = YES;
				CLANG_CXX_LANGUAGE_STANDARD = "gnu++0x";
				CLANG_CXX_LIBRARY = "libc++";
				CLANG_ENABLE_MODULES = YES;
				CLANG_ENABLE_OBJC_ARC = YES;
				CLANG_WARN_BOOL_CONVERSION = YES;
				CLANG_WARN_CONSTANT_CONVERSION = YES;
				CLANG_WARN_DIRECT_OBJC_ISA_USAGE = YES_ERROR;
				CLANG_WARN_EMPTY_BODY = YES;
				CLANG_WARN_ENUM_CONVERSION = YES;
				CLANG_WARN_INT_CONVERSION = YES;
				CLANG_WARN_OBJC_ROOT_CLASS = YES_ERROR;
				CLANG_WARN_UNREACHABLE_CODE = YES;
				CLANG_WARN__DUPLICATE_METHOD_MATCH = YES;
				"CODE_SIGN_IDENTITY[sdk=iphoneos*]" = "iPhone Developer";
				COPY_PHASE_STRIP = NO;
				DEBUG_INFORMATION_FORMAT = dwarf;
				ENABLE_STRICT_OBJC_MSGSEND = YES;
				ENABLE_TESTABILITY = YES;
				GCC_C_LANGUAGE_STANDARD = gnu99;
				GCC_DYNAMIC_NO_PIC = NO;
				GCC_NO_COMMON_BLOCKS = YES;
				GCC_OPTIMIZATION_LEVEL = 0;
				GCC_PREPROCESSOR_DEFINITIONS = (
					"DEBUG=1",
					"$(inherited)",
				);
				GCC_WARN_64_TO_32_BIT_CONVERSION = YES;
				GCC_WARN_ABOUT_RETURN_TYPE = YES_ERROR;
				GCC_WARN_UNDECLARED_SELECTOR = YES;
				GCC_WARN_UNINITIALIZED_AUTOS = YES_AGGRESSIVE;
				GCC_WARN_UNUSED_FUNCTION = YES;
				GCC_WARN_UNUSED_VARIABLE = YES;
				IPHONEOS_DEPLOYMENT_TARGET = 9.3;
				MTL_ENABLE_DEBUG_INFO = YES;
				ONLY_ACTIVE_ARCH = YES;
				SDKROOT = iphoneos;
				TARGETED_DEVICE_FAMILY = "1,2";
			};
			name = Debug;
		};
		FD6CB1AB1D1248DD0021C667 /* Release */ = {
			isa = XCBuildConfiguration;
			buildSettings = {
				ALWAYS_SEARCH_USER_PATHS = NO;
				CLANG_ANALYZER_NONNULL = YES;
				CLANG_CXX_LANGUAGE_STANDARD = "gnu++0x";
				CLANG_CXX_LIBRARY = "libc++";
				CLANG_ENABLE_MODULES = YES;
				CLANG_ENABLE_OBJC_ARC = YES;
				CLANG_WARN_BOOL_CONVERSION = YES;
				CLANG_WARN_CONSTANT_CONVERSION = YES;
				CLANG_WARN_DIRECT_OBJC_ISA_USAGE = YES_ERROR;
				CLANG_WARN_EMPTY_BODY = YES;
				CLANG_WARN_ENUM_CONVERSION = YES;
				CLANG_WARN_INT_CONVERSION = YES;
				CLANG_WARN_OBJC_ROOT_CLASS = YES_ERROR;
				CLANG_WARN_UNREACHABLE_CODE = YES;
				CLANG_WARN__DUPLICATE_METHOD_MATCH = YES;
				"CODE_SIGN_IDENTITY[sdk=iphoneos*]" = "iPhone Developer";
				COPY_PHASE_STRIP = NO;
				DEBUG_INFORMATION_FORMAT = "dwarf-with-dsym";
				ENABLE_NS_ASSERTIONS = NO;
				ENABLE_STRICT_OBJC_MSGSEND = YES;
				GCC_C_LANGUAGE_STANDARD = gnu99;
				GCC_NO_COMMON_BLOCKS = YES;
				GCC_WARN_64_TO_32_BIT_CONVERSION = YES;
				GCC_WARN_ABOUT_RETURN_TYPE = YES_ERROR;
				GCC_WARN_UNDECLARED_SELECTOR = YES;
				GCC_WARN_UNINITIALIZED_AUTOS = YES_AGGRESSIVE;
				GCC_WARN_UNUSED_FUNCTION = YES;
				GCC_WARN_UNUSED_VARIABLE = YES;
				IPHONEOS_DEPLOYMENT_TARGET = 9.3;
				MTL_ENABLE_DEBUG_INFO = NO;
				SDKROOT = iphoneos;
				TARGETED_DEVICE_FAMILY = "1,2";
				VALIDATE_PRODUCT = YES;
			};
			name = Release;
		};
		FD6CB1AD1D1248DD0021C667 /* Debug */ = {
			isa = XCBuildConfiguration;
			buildSettings = {
				ASSETCATALOG_COMPILER_APPICON_NAME = AppIcon;
				INFOPLIST_FILE = "CAMediaTimingFunction-14/Info.plist";
				LD_RUNPATH_SEARCH_PATHS = "$(inherited) @executable_path/Frameworks";
				PRODUCT_BUNDLE_IDENTIFIER = "hzins.CAMediaTimingFunction-14";
				PRODUCT_NAME = "$(TARGET_NAME)";
			};
			name = Debug;
		};
		FD6CB1AE1D1248DD0021C667 /* Release */ = {
			isa = XCBuildConfiguration;
			buildSettings = {
				ASSETCATALOG_COMPILER_APPICON_NAME = AppIcon;
				INFOPLIST_FILE = "CAMediaTimingFunction-14/Info.plist";
				LD_RUNPATH_SEARCH_PATHS = "$(inherited) @executable_path/Frameworks";
				PRODUCT_BUNDLE_IDENTIFIER = "hzins.CAMediaTimingFunction-14";
				PRODUCT_NAME = "$(TARGET_NAME)";
			};
			name = Release;
		};
		FD6CB1B01D1248DD0021C667 /* Debug */ = {
			isa = XCBuildConfiguration;
			buildSettings = {
				BUNDLE_LOADER = "$(TEST_HOST)";
				INFOPLIST_FILE = "CAMediaTimingFunction-14Tests/Info.plist";
				LD_RUNPATH_SEARCH_PATHS = "$(inherited) @executable_path/Frameworks @loader_path/Frameworks";
				PRODUCT_BUNDLE_IDENTIFIER = "hzins.CAMediaTimingFunction-14Tests";
				PRODUCT_NAME = "$(TARGET_NAME)";
				TEST_HOST = "$(BUILT_PRODUCTS_DIR)/CAMediaTimingFunction-14.app/CAMediaTimingFunction-14";
			};
			name = Debug;
		};
		FD6CB1B11D1248DD0021C667 /* Release */ = {
			isa = XCBuildConfiguration;
			buildSettings = {
				BUNDLE_LOADER = "$(TEST_HOST)";
				INFOPLIST_FILE = "CAMediaTimingFunction-14Tests/Info.plist";
				LD_RUNPATH_SEARCH_PATHS = "$(inherited) @executable_path/Frameworks @loader_path/Frameworks";
				PRODUCT_BUNDLE_IDENTIFIER = "hzins.CAMediaTimingFunction-14Tests";
				PRODUCT_NAME = "$(TARGET_NAME)";
				TEST_HOST = "$(BUILT_PRODUCTS_DIR)/CAMediaTimingFunction-14.app/CAMediaTimingFunction-14";
			};
			name = Release;
		};
/* End XCBuildConfiguration section */

/* Begin XCConfigurationList section */
		FD6CB1851D1248DC0021C667 /* Build configuration list for PBXProject "CAMediaTimingFunction-14" */ = {
			isa = XCConfigurationList;
			buildConfigurations = (
				FD6CB1AA1D1248DD0021C667 /* Debug */,
				FD6CB1AB1D1248DD0021C667 /* Release */,
			);
			defaultConfigurationIsVisible = 0;
			defaultConfigurationName = Release;
		};
		FD6CB1AC1D1248DD0021C667 /* Build configuration list for PBXNativeTarget "CAMediaTimingFunction-14" */ = {
			isa = XCConfigurationList;
			buildConfigurations = (
				FD6CB1AD1D1248DD0021C667 /* Debug */,
				FD6CB1AE1D1248DD0021C667 /* Release */,
			);
			defaultConfigurationIsVisible = 0;
		};
		FD6CB1AF1D1248DD0021C667 /* Build configuration list for PBXNativeTarget "CAMediaTimingFunction-14Tests" */ = {
			isa = XCConfigurationList;
			buildConfigurations = (
				FD6CB1B01D1248DD0021C667 /* Debug */,
				FD6CB1B11D1248DD0021C667 /* Release */,
			);
			defaultConfigurationIsVisible = 0;
		};
/* End XCConfigurationList section */
	};
	rootObject = FD6CB1821D1248DC0021C667 /* Project object */;
}
