// !$*UTF8*$!
{
	archiveVersion = 1;
	classes = {
	};
	objectVersion = 46;
	objects = {

/* Begin PBXBuildFile section */
		FDB6C73D1D0EC99E00DFB84C /* main.m in Sources */ = {isa = PBXBuildFile; fileRef = FDB6C73C1D0EC99E00DFB84C /* main.m */; };
		FDB6C7441D0F9AB100DFB84C /* Foundation.framework in Frameworks */ = {isa = PBXBuildFile; fileRef = FDB6C7431D0F9AB100DFB84C /* Foundation.framework */; };
/* End PBXBuildFile section */

/* Begin PBXCopyFilesBuildPhase section */
		FDB6C7371D0EC99E00DFB84C /* CopyFiles */ = {
			isa = PBXCopyFilesBuildPhase;
			buildActionMask = 2147483647;
			dstPath = /usr/share/man/man1/;
			dstSubfolderSpec = 0;
			files = (
			);
			runOnlyForDeploymentPostprocessing = 1;
		};
/* End PBXCopyFilesBuildPhase section */

/* Begin PBXFileReference section */
		FDB6C7391D0EC99E00DFB84C /* CutImageDemo */ = {isa = PBXFileReference; explicitFileType = "compiled.mach-o.executable"; includeInIndex = 0; path = CutImageDemo; sourceTree = BUILT_PRODUCTS_DIR; };
		FDB6C73C1D0EC99E00DFB84C /* main.m */ = {isa = PBXFileReference; lastKnownFileType = sourcecode.c.objc; path = main.m; sourceTree = "<group>"; };
		FDB6C7431D0F9AB100DFB84C /* Foundation.framework */ = {isa = PBXFileReference; lastKnownFileType = wrapper.framework; name = Foundation.framework; path = System/Library/Frameworks/Foundation.framework; sourceTree = SDKROOT; };
/* End PBXFileReference section */

/* Begin PBXFrameworksBuildPhase section */
		FDB6C7361D0EC99E00DFB84C /* Frameworks */ = {
			isa = PBXFrameworksBuildPhase;
			buildActionMask = 2147483647;
			files = (
				FDB6C7441D0F9AB100DFB84C /* Foundation.framework in Frameworks */,
			);
			runOnlyForDeploymentPostprocessing = 0;
		};
/* End PBXFrameworksBuildPhase section */

/* Begin PBXGroup section */
		FDB6C7301D0EC99E00DFB84C = {
			isa = PBXGroup;
			children = (
				FDB6C7431D0F9AB100DFB84C /* Foundation.framework */,
				FDB6C73B1D0EC99E00DFB84C /* CutImageDemo */,
				FDB6C73A1D0EC99E00DFB84C /* Products */,
			);
			sourceTree = "<group>";
		};
		FDB6C73A1D0EC99E00DFB84C /* Products */ = {
			isa = PBXGroup;
			children = (
				FDB6C7391D0EC99E00DFB84C /* CutImageDemo */,
			);
			name = Products;
			sourceTree = "<group>";
		};
		FDB6C73B1D0EC99E00DFB84C /* CutImageDemo */ = {
			isa = PBXGroup;
			children = (
				FDB6C73C1D0EC99E00DFB84C /* main.m */,
			);
			path = CutImageDemo;
			sourceTree = "<group>";
		};
/* End PBXGroup section */

/* Begin PBXNativeTarget section */
		FDB6C7381D0EC99E00DFB84C /* CutImageDemo */ = {
			isa = PBXNativeTarget;
			buildConfigurationList = FDB6C7401D0EC99E00DFB84C /* Build configuration list for PBXNativeTarget "CutImageDemo" */;
			buildPhases = (
				FDB6C7351D0EC99E00DFB84C /* Sources */,
				FDB6C7361D0EC99E00DFB84C /* Frameworks */,
				FDB6C7371D0EC99E00DFB84C /* CopyFiles */,
			);
			buildRules = (
			);
			dependencies = (
			);
			name = CutImageDemo;
			productName = CutImageDemo;
			productReference = FDB6C7391D0EC99E00DFB84C /* CutImageDemo */;
			productType = "com.apple.product-type.tool";
		};
/* End PBXNativeTarget section */

/* Begin PBXProject section */
		FDB6C7311D0EC99E00DFB84C /* Project object */ = {
			isa = PBXProject;
			attributes = {
				LastUpgradeCheck = 0730;
				ORGANIZATIONNAME = long;
				TargetAttributes = {
					FDB6C7381D0EC99E00DFB84C = {
						CreatedOnToolsVersion = 7.3.1;
					};
				};
			};
			buildConfigurationList = FDB6C7341D0EC99E00DFB84C /* Build configuration list for PBXProject "CutImageDemo" */;
			compatibilityVersion = "Xcode 3.2";
			developmentRegion = English;
			hasScannedForEncodings = 0;
			knownRegions = (
				en,
			);
			mainGroup = FDB6C7301D0EC99E00DFB84C;
			productRefGroup = FDB6C73A1D0EC99E00DFB84C /* Products */;
			projectDirPath = "";
			projectRoot = "";
			targets = (
				FDB6C7381D0EC99E00DFB84C /* CutImageDemo */,
			);
		};
/* End PBXProject section */

/* Begin PBXSourcesBuildPhase section */
		FDB6C7351D0EC99E00DFB84C /* Sources */ = {
			isa = PBXSourcesBuildPhase;
			buildActionMask = 2147483647;
			files = (
				FDB6C73D1D0EC99E00DFB84C /* main.m in Sources */,
			);
			runOnlyForDeploymentPostprocessing = 0;
		};
/* End PBXSourcesBuildPhase section */

/* Begin XCBuildConfiguration section */
		FDB6C73E1D0EC99E00DFB84C /* Debug */ = {
			isa = XCBuildConfiguration;
			buildSettings = {
				ALWAYS_SEARCH_USER_PATHS = NO;
				CLANG_ANALYZER_NONNULL = YES;
				CLANG_CXX_LANGUAGE_STANDARD = "gnu++0x";
				CLANG_CXX_LIBRARY = "libc++";
				CLANG_ENABLE_MODULES = YES;
				CLANG_ENABLE_OBJC_ARC = YES;
				CLANG_WARN_BOOL_CONVERSION = YES;
				CLANG_WARN_CONSTANT_CONVERSION = YES;
				CLANG_WARN_DIRECT_OBJC_ISA_USAGE = YES_ERROR;
				CLANG_WARN_EMPTY_BODY = YES;
				CLANG_WARN_ENUM_CONVERSION = YES;
				CLANG_WARN_INT_CONVERSION = YES;
				CLANG_WARN_OBJC_ROOT_CLASS = YES_ERROR;
				CLANG_WARN_UNREACHABLE_CODE = YES;
				CLANG_WARN__DUPLICATE_METHOD_MATCH = YES;
				CODE_SIGN_IDENTITY = "-";
				COPY_PHASE_STRIP = NO;
				DEBUG_INFORMATION_FORMAT = dwarf;
				ENABLE_STRICT_OBJC_MSGSEND = YES;
				ENABLE_TESTABILITY = YES;
				GCC_C_LANGUAGE_STANDARD = gnu99;
				GCC_DYNAMIC_NO_PIC = NO;
				GCC_NO_COMMON_BLOCKS = YES;
				GCC_OPTIMIZATION_LEVEL = 0;
				GCC_PREPROCESSOR_DEFINITIONS = (
					"DEBUG=1",
					"$(inherited)",
				);
				GCC_WARN_64_TO_32_BIT_CONVERSION = YES;
				GCC_WARN_ABOUT_RETURN_TYPE = YES_ERROR;
				GCC_WARN_UNDECLARED_SELECTOR = YES;
				GCC_WARN_UNINITIALIZED_AUTOS = YES_AGGRESSIVE;
				GCC_WARN_UNUSED_FUNCTION = YES;
				GCC_WARN_UNUSED_VARIABLE = YES;
				MACOSX_DEPLOYMENT_TARGET = 10.11;
				MTL_ENABLE_DEBUG_INFO = YES;
				ONLY_ACTIVE_ARCH = YES;
				SDKROOT = macosx;
			};
			name = Debug;
		};
		FDB6C73F1D0EC99E00DFB84C /* Release */ = {
			isa = XCBuildConfiguration;
			buildSettings = {
				ALWAYS_SEARCH_USER_PATHS = NO;
				CLANG_ANALYZER_NONNULL = YES;
				CLANG_CXX_LANGUAGE_STANDARD = "gnu++0x";
				CLANG_CXX_LIBRARY = "libc++";
				CLANG_ENABLE_MODULES = YES;
				CLANG_ENABLE_OBJC_ARC = YES;
				CLANG_WARN_BOOL_CONVERSION = YES;
				CLANG_WARN_CONSTANT_CONVERSION = YES;
				CLANG_WARN_DIRECT_OBJC_ISA_USAGE = YES_ERROR;
				CLANG_WARN_EMPTY_BODY = YES;
				CLANG_WARN_ENUM_CONVERSION = YES;
				CLANG_WARN_INT_CONVERSION = YES;
				CLANG_WARN_OBJC_ROOT_CLASS = YES_ERROR;
				CLANG_WARN_UNREACHABLE_CODE = YES;
				CLANG_WARN__DUPLICATE_METHOD_MATCH = YES;
				CODE_SIGN_IDENTITY = "-";
				COPY_PHASE_STRIP = NO;
				DEBUG_INFORMATION_FORMAT = "dwarf-with-dsym";
				ENABLE_NS_ASSERTIONS = NO;
				ENABLE_STRICT_OBJC_MSGSEND = YES;
				GCC_C_LANGUAGE_STANDARD = gnu99;
				GCC_NO_COMMON_BLOCKS = YES;
				GCC_WARN_64_TO_32_BIT_CONVERSION = YES;
				GCC_WARN_ABOUT_RETURN_TYPE = YES_ERROR;
				GCC_WARN_UNDECLARED_SELECTOR = YES;
				GCC_WARN_UNINITIALIZED_AUTOS = YES_AGGRESSIVE;
				GCC_WARN_UNUSED_FUNCTION = YES;
				GCC_WARN_UNUSED_VARIABLE = YES;
				MACOSX_DEPLOYMENT_TARGET = 10.11;
				MTL_ENABLE_DEBUG_INFO = NO;
				SDKROOT = macosx;
			};
			name = Release;
		};
		FDB6C7411D0EC99E00DFB84C /* Debug */ = {
			isa = XCBuildConfiguration;
			buildSettings = {
				PRODUCT_NAME = "$(TARGET_NAME)";
			};
			name = Debug;
		};
		FDB6C7421D0EC99E00DFB84C /* Release */ = {
			isa = XCBuildConfiguration;
			buildSettings = {
				PRODUCT_NAME = "$(TARGET_NAME)";
			};
			name = Release;
		};
/* End XCBuildConfiguration section */

/* Begin XCConfigurationList section */
		FDB6C7341D0EC99E00DFB84C /* Build configuration list for PBXProject "CutImageDemo" */ = {
			isa = XCConfigurationList;
			buildConfigurations = (
				FDB6C73E1D0EC99E00DFB84C /* Debug */,
				FDB6C73F1D0EC99E00DFB84C /* Release */,
			);
			defaultConfigurationIsVisible = 0;
			defaultConfigurationName = Release;
		};
		FDB6C7401D0EC99E00DFB84C /* Build configuration list for PBXNativeTarget "CutImageDemo" */ = {
			isa = XCConfigurationList;
			buildConfigurations = (
				FDB6C7411D0EC99E00DFB84C /* Debug */,
				FDB6C7421D0EC99E00DFB84C /* Release */,
			);
			defaultConfigurationIsVisible = 0;
		};
/* End XCConfigurationList section */
	};
	rootObject = FDB6C7311D0EC99E00DFB84C /* Project object */;
}
